// !$*UTF8*$!
{
	archiveVersion = 1;
	classes = {
	};
	objectVersion = 50;
	objects = {

/* Begin PBXBuildFile section */
		B25C8281237A4CF00029ACA6 /* Assets.xcassets in Resources */ = {isa = PBXBuildFile; fileRef = B25C8280237A4CF00029ACA6 /* Assets.xcassets */; };
		B25C8284237A4CF00029ACA6 /* LaunchScreen.storyboard in Resources */ = {isa = PBXBuildFile; fileRef = B25C8282237A4CF00029ACA6 /* LaunchScreen.storyboard */; };
		B25C828F237A4CF00029ACA6 /* bledtTests.swift in Sources */ = {isa = PBXBuildFile; fileRef = B25C828E237A4CF00029ACA6 /* bledtTests.swift */; };
		B25C829B237A4E580029ACA6 /* AppDelegate.swift in Sources */ = {isa = PBXBuildFile; fileRef = B25C829A237A4E580029ACA6 /* AppDelegate.swift */; };
		B2B0E262237A579900F139E0 /* BatchManager.swift in Sources */ = {isa = PBXBuildFile; fileRef = B2B0E248237A579900F139E0 /* BatchManager.swift */; };
		B2B0E263237A579900F139E0 /* Sample.swift in Sources */ = {isa = PBXBuildFile; fileRef = B2B0E249237A579900F139E0 /* Sample.swift */; };
		B2B0E264237A579900F139E0 /* Coordinate.swift in Sources */ = {isa = PBXBuildFile; fileRef = B2B0E24A237A579900F139E0 /* Coordinate.swift */; };
		B2B0E265237A579900F139E0 /* Batch.swift in Sources */ = {isa = PBXBuildFile; fileRef = B2B0E24B237A579900F139E0 /* Batch.swift */; };
		B2B0E266237A579900F139E0 /* data.txt in Resources */ = {isa = PBXBuildFile; fileRef = B2B0E24C237A579900F139E0 /* data.txt */; };
		B2B0E267237A579900F139E0 /* TextualInteractor.swift in Sources */ = {isa = PBXBuildFile; fileRef = B2B0E24F237A579900F139E0 /* TextualInteractor.swift */; };
		B2B0E268237A579900F139E0 /* TextualPresenter.swift in Sources */ = {isa = PBXBuildFile; fileRef = B2B0E250237A579900F139E0 /* TextualPresenter.swift */; };
		B2B0E269237A579900F139E0 /* TextualViewController.swift in Sources */ = {isa = PBXBuildFile; fileRef = B2B0E251237A579900F139E0 /* TextualViewController.swift */; };
		B2B0E26A237A579900F139E0 /* TextualRouter.swift in Sources */ = {isa = PBXBuildFile; fileRef = B2B0E252237A579900F139E0 /* TextualRouter.swift */; };
		B2B0E26B237A579900F139E0 /* GraphicInteractor.swift in Sources */ = {isa = PBXBuildFile; fileRef = B2B0E254237A579900F139E0 /* GraphicInteractor.swift */; };
		B2B0E26C237A579900F139E0 /* GraphicRouter.swift in Sources */ = {isa = PBXBuildFile; fileRef = B2B0E255237A579900F139E0 /* GraphicRouter.swift */; };
		B2B0E26D237A579900F139E0 /* GraphView.swift in Sources */ = {isa = PBXBuildFile; fileRef = B2B0E257237A579900F139E0 /* GraphView.swift */; };
		B2B0E26E237A579900F139E0 /* GraphLabel.swift in Sources */ = {isa = PBXBuildFile; fileRef = B2B0E258237A579900F139E0 /* GraphLabel.swift */; };
		B2B0E26F237A579900F139E0 /* GraphModel.swift in Sources */ = {isa = PBXBuildFile; fileRef = B2B0E259237A579900F139E0 /* GraphModel.swift */; };
		B2B0E270237A579900F139E0 /* GraphicPresenter.swift in Sources */ = {isa = PBXBuildFile; fileRef = B2B0E25A237A579900F139E0 /* GraphicPresenter.swift */; };
		B2B0E271237A579900F139E0 /* GraphicViewController.swift in Sources */ = {isa = PBXBuildFile; fileRef = B2B0E25B237A579900F139E0 /* GraphicViewController.swift */; };
		B2B0E272237A579900F139E0 /* Storage.swift in Sources */ = {isa = PBXBuildFile; fileRef = B2B0E25D237A579900F139E0 /* Storage.swift */; };
		B2B0E273237A579900F139E0 /* DataManager.swift in Sources */ = {isa = PBXBuildFile; fileRef = B2B0E25E237A579900F139E0 /* DataManager.swift */; };
		B2B0E274237A579900F139E0 /* Network.swift in Sources */ = {isa = PBXBuildFile; fileRef = B2B0E25F237A579900F139E0 /* Network.swift */; };
		B2B0E275237A579900F139E0 /* String.swift in Sources */ = {isa = PBXBuildFile; fileRef = B2B0E260237A579900F139E0 /* String.swift */; };
		B2B0E276237A579900F139E0 /* RootRouter.swift in Sources */ = {isa = PBXBuildFile; fileRef = B2B0E261237A579900F139E0 /* RootRouter.swift */; };
		B2B0E27C237A57D900F139E0 /* DataManagerTests.swift in Sources */ = {isa = PBXBuildFile; fileRef = B2B0E277237A57D900F139E0 /* DataManagerTests.swift */; };
		B2B0E27D237A57D900F139E0 /* BatchManagerTests.swift in Sources */ = {isa = PBXBuildFile; fileRef = B2B0E278237A57D900F139E0 /* BatchManagerTests.swift */; };
		B2B0E27E237A57D900F139E0 /* NetworkTests.swift in Sources */ = {isa = PBXBuildFile; fileRef = B2B0E279237A57D900F139E0 /* NetworkTests.swift */; };
		B2B0E27F237A57D900F139E0 /* StorageTests.swift in Sources */ = {isa = PBXBuildFile; fileRef = B2B0E27A237A57D900F139E0 /* StorageTests.swift */; };
		B2B0E280237A57D900F139E0 /* TextualModuleTests.swift in Sources */ = {isa = PBXBuildFile; fileRef = B2B0E27B237A57D900F139E0 /* TextualModuleTests.swift */; };
/* End PBXBuildFile section */

/* Begin PBXContainerItemProxy section */
		B25C828B237A4CF00029ACA6 /* PBXContainerItemProxy */ = {
			isa = PBXContainerItemProxy;
			containerPortal = B25C826C237A4CEF0029ACA6 /* Project object */;
			proxyType = 1;
			remoteGlobalIDString = B25C8273237A4CEF0029ACA6;
			remoteInfo = bledt;
		};
/* End PBXContainerItemProxy section */

/* Begin PBXFileReference section */
		B25C8274237A4CEF0029ACA6 /* BLEDT.app */ = {isa = PBXFileReference; explicitFileType = wrapper.application; includeInIndex = 0; path = BLEDT.app; sourceTree = BUILT_PRODUCTS_DIR; };
		B25C8280237A4CF00029ACA6 /* Assets.xcassets */ = {isa = PBXFileReference; lastKnownFileType = folder.assetcatalog; path = Assets.xcassets; sourceTree = "<group>"; };
		B25C8283237A4CF00029ACA6 /* Base */ = {isa = PBXFileReference; lastKnownFileType = file.storyboard; name = Base; path = Base.lproj/LaunchScreen.storyboard; sourceTree = "<group>"; };
		B25C8285237A4CF00029ACA6 /* Info.plist */ = {isa = PBXFileReference; lastKnownFileType = text.plist.xml; path = Info.plist; sourceTree = "<group>"; };
		B25C828A237A4CF00029ACA6 /* bledtTests.xctest */ = {isa = PBXFileReference; explicitFileType = wrapper.cfbundle; includeInIndex = 0; path = bledtTests.xctest; sourceTree = BUILT_PRODUCTS_DIR; };
		B25C828E237A4CF00029ACA6 /* bledtTests.swift */ = {isa = PBXFileReference; lastKnownFileType = sourcecode.swift; path = bledtTests.swift; sourceTree = "<group>"; };
		B25C8290237A4CF00029ACA6 /* Info.plist */ = {isa = PBXFileReference; lastKnownFileType = text.plist.xml; path = Info.plist; sourceTree = "<group>"; };
		B25C8299237A4E570029ACA6 /* bledt-Bridging-Header.h */ = {isa = PBXFileReference; lastKnownFileType = sourcecode.c.h; path = "bledt-Bridging-Header.h"; sourceTree = "<group>"; };
		B25C829A237A4E580029ACA6 /* AppDelegate.swift */ = {isa = PBXFileReference; lastKnownFileType = sourcecode.swift; path = AppDelegate.swift; sourceTree = "<group>"; };
		B2B0E248237A579900F139E0 /* BatchManager.swift */ = {isa = PBXFileReference; fileEncoding = 4; lastKnownFileType = sourcecode.swift; path = BatchManager.swift; sourceTree = "<group>"; };
		B2B0E249237A579900F139E0 /* Sample.swift */ = {isa = PBXFileReference; fileEncoding = 4; lastKnownFileType = sourcecode.swift; path = Sample.swift; sourceTree = "<group>"; };
		B2B0E24A237A579900F139E0 /* Coordinate.swift */ = {isa = PBXFileReference; fileEncoding = 4; lastKnownFileType = sourcecode.swift; path = Coordinate.swift; sourceTree = "<group>"; };
		B2B0E24B237A579900F139E0 /* Batch.swift */ = {isa = PBXFileReference; fileEncoding = 4; lastKnownFileType = sourcecode.swift; path = Batch.swift; sourceTree = "<group>"; };
		B2B0E24C237A579900F139E0 /* data.txt */ = {isa = PBXFileReference; fileEncoding = 4; lastKnownFileType = text; path = data.txt; sourceTree = "<group>"; };
		B2B0E24F237A579900F139E0 /* TextualInteractor.swift */ = {isa = PBXFileReference; fileEncoding = 4; lastKnownFileType = sourcecode.swift; path = TextualInteractor.swift; sourceTree = "<group>"; };
		B2B0E250237A579900F139E0 /* TextualPresenter.swift */ = {isa = PBXFileReference; fileEncoding = 4; lastKnownFileType = sourcecode.swift; path = TextualPresenter.swift; sourceTree = "<group>"; };
		B2B0E251237A579900F139E0 /* TextualViewController.swift */ = {isa = PBXFileReference; fileEncoding = 4; lastKnownFileType = sourcecode.swift; path = TextualViewController.swift; sourceTree = "<group>"; };
		B2B0E252237A579900F139E0 /* TextualRouter.swift */ = {isa = PBXFileReference; fileEncoding = 4; lastKnownFileType = sourcecode.swift; path = TextualRouter.swift; sourceTree = "<group>"; };
		B2B0E254237A579900F139E0 /* GraphicInteractor.swift */ = {isa = PBXFileReference; fileEncoding = 4; lastKnownFileType = sourcecode.swift; path = GraphicInteractor.swift; sourceTree = "<group>"; };
		B2B0E255237A579900F139E0 /* GraphicRouter.swift */ = {isa = PBXFileReference; fileEncoding = 4; lastKnownFileType = sourcecode.swift; path = GraphicRouter.swift; sourceTree = "<group>"; };
		B2B0E257237A579900F139E0 /* GraphView.swift */ = {isa = PBXFileReference; fileEncoding = 4; lastKnownFileType = sourcecode.swift; path = GraphView.swift; sourceTree = "<group>"; };
		B2B0E258237A579900F139E0 /* GraphLabel.swift */ = {isa = PBXFileReference; fileEncoding = 4; lastKnownFileType = sourcecode.swift; path = GraphLabel.swift; sourceTree = "<group>"; };
		B2B0E259237A579900F139E0 /* GraphModel.swift */ = {isa = PBXFileReference; fileEncoding = 4; lastKnownFileType = sourcecode.swift; path = GraphModel.swift; sourceTree = "<group>"; };
		B2B0E25A237A579900F139E0 /* GraphicPresenter.swift */ = {isa = PBXFileReference; fileEncoding = 4; lastKnownFileType = sourcecode.swift; path = GraphicPresenter.swift; sourceTree = "<group>"; };
		B2B0E25B237A579900F139E0 /* GraphicViewController.swift */ = {isa = PBXFileReference; fileEncoding = 4; lastKnownFileType = sourcecode.swift; path = GraphicViewController.swift; sourceTree = "<group>"; };
		B2B0E25D237A579900F139E0 /* Storage.swift */ = {isa = PBXFileReference; fileEncoding = 4; lastKnownFileType = sourcecode.swift; path = Storage.swift; sourceTree = "<group>"; };
		B2B0E25E237A579900F139E0 /* DataManager.swift */ = {isa = PBXFileReference; fileEncoding = 4; lastKnownFileType = sourcecode.swift; path = DataManager.swift; sourceTree = "<group>"; };
		B2B0E25F237A579900F139E0 /* Network.swift */ = {isa = PBXFileReference; fileEncoding = 4; lastKnownFileType = sourcecode.swift; path = Network.swift; sourceTree = "<group>"; };
		B2B0E260237A579900F139E0 /* String.swift */ = {isa = PBXFileReference; fileEncoding = 4; lastKnownFileType = sourcecode.swift; path = String.swift; sourceTree = "<group>"; };
		B2B0E261237A579900F139E0 /* RootRouter.swift */ = {isa = PBXFileReference; fileEncoding = 4; lastKnownFileType = sourcecode.swift; path = RootRouter.swift; sourceTree = "<group>"; };
		B2B0E277237A57D900F139E0 /* DataManagerTests.swift */ = {isa = PBXFileReference; fileEncoding = 4; lastKnownFileType = sourcecode.swift; path = DataManagerTests.swift; sourceTree = "<group>"; };
		B2B0E278237A57D900F139E0 /* BatchManagerTests.swift */ = {isa = PBXFileReference; fileEncoding = 4; lastKnownFileType = sourcecode.swift; path = BatchManagerTests.swift; sourceTree = "<group>"; };
		B2B0E279237A57D900F139E0 /* NetworkTests.swift */ = {isa = PBXFileReference; fileEncoding = 4; lastKnownFileType = sourcecode.swift; path = NetworkTests.swift; sourceTree = "<group>"; };
		B2B0E27A237A57D900F139E0 /* StorageTests.swift */ = {isa = PBXFileReference; fileEncoding = 4; lastKnownFileType = sourcecode.swift; path = StorageTests.swift; sourceTree = "<group>"; };
		B2B0E27B237A57D900F139E0 /* TextualModuleTests.swift */ = {isa = PBXFileReference; fileEncoding = 4; lastKnownFileType = sourcecode.swift; path = TextualModuleTests.swift; sourceTree = "<group>"; };
/* End PBXFileReference section */

/* Begin PBXFrameworksBuildPhase section */
		B25C8271237A4CEF0029ACA6 /* Frameworks */ = {
			isa = PBXFrameworksBuildPhase;
			buildActionMask = 2147483647;
			files = (
			);
			runOnlyForDeploymentPostprocessing = 0;
		};
		B25C8287237A4CF00029ACA6 /* Frameworks */ = {
			isa = PBXFrameworksBuildPhase;
			buildActionMask = 2147483647;
			files = (
			);
			runOnlyForDeploymentPostprocessing = 0;
		};
/* End PBXFrameworksBuildPhase section */

/* Begin PBXGroup section */
		B25C826B237A4CEF0029ACA6 = {
			isa = PBXGroup;
			children = (
				B25C8276237A4CEF0029ACA6 /* bledt */,
				B25C828D237A4CF00029ACA6 /* bledtTests */,
				B25C8275237A4CEF0029ACA6 /* Products */,
			);
			sourceTree = "<group>";
		};
		B25C8275237A4CEF0029ACA6 /* Products */ = {
			isa = PBXGroup;
			children = (
				B25C8274237A4CEF0029ACA6 /* BLEDT.app */,
				B25C828A237A4CF00029ACA6 /* bledtTests.xctest */,
			);
			name = Products;
			sourceTree = "<group>";
		};
		B25C8276237A4CEF0029ACA6 /* bledt */ = {
			isa = PBXGroup;
			children = (
				B25C8280237A4CF00029ACA6 /* Assets.xcassets */,
				B25C8282237A4CF00029ACA6 /* LaunchScreen.storyboard */,
				B25C8285237A4CF00029ACA6 /* Info.plist */,
				B25C829A237A4E580029ACA6 /* AppDelegate.swift */,
				B25C8299237A4E570029ACA6 /* bledt-Bridging-Header.h */,
				B2B0E247237A579900F139E0 /* Entities */,
				B2B0E25C237A579900F139E0 /* Global */,
				B2B0E24D237A579900F139E0 /* Modules */,
				B2B0E261237A579900F139E0 /* RootRouter.swift */,
			);
			path = bledt;
			sourceTree = "<group>";
		};
		B25C828D237A4CF00029ACA6 /* bledtTests */ = {
			isa = PBXGroup;
			children = (
				B25C828E237A4CF00029ACA6 /* bledtTests.swift */,
				B2B0E278237A57D900F139E0 /* BatchManagerTests.swift */,
				B2B0E277237A57D900F139E0 /* DataManagerTests.swift */,
				B2B0E279237A57D900F139E0 /* NetworkTests.swift */,
				B2B0E27A237A57D900F139E0 /* StorageTests.swift */,
				B2B0E27B237A57D900F139E0 /* TextualModuleTests.swift */,
				B25C8290237A4CF00029ACA6 /* Info.plist */,
			);
			path = bledtTests;
			sourceTree = "<group>";
		};
		B2B0E247237A579900F139E0 /* Entities */ = {
			isa = PBXGroup;
			children = (
				B2B0E248237A579900F139E0 /* BatchManager.swift */,
				B2B0E249237A579900F139E0 /* Sample.swift */,
				B2B0E24A237A579900F139E0 /* Coordinate.swift */,
				B2B0E24B237A579900F139E0 /* Batch.swift */,
				B2B0E24C237A579900F139E0 /* data.txt */,
			);
			path = Entities;
			sourceTree = "<group>";
		};
		B2B0E24D237A579900F139E0 /* Modules */ = {
			isa = PBXGroup;
			children = (
				B2B0E24E237A579900F139E0 /* Textual */,
				B2B0E253237A579900F139E0 /* Graphic */,
			);
			path = Modules;
			sourceTree = "<group>";
		};
		B2B0E24E237A579900F139E0 /* Textual */ = {
			isa = PBXGroup;
			children = (
				B2B0E24F237A579900F139E0 /* TextualInteractor.swift */,
				B2B0E250237A579900F139E0 /* TextualPresenter.swift */,
				B2B0E251237A579900F139E0 /* TextualViewController.swift */,
				B2B0E252237A579900F139E0 /* TextualRouter.swift */,
			);
			path = Textual;
			sourceTree = "<group>";
		};
		B2B0E253237A579900F139E0 /* Graphic */ = {
			isa = PBXGroup;
			children = (
				B2B0E254237A579900F139E0 /* GraphicInteractor.swift */,
				B2B0E255237A579900F139E0 /* GraphicRouter.swift */,
				B2B0E256237A579900F139E0 /* Graph */,
				B2B0E25A237A579900F139E0 /* GraphicPresenter.swift */,
				B2B0E25B237A579900F139E0 /* GraphicViewController.swift */,
			);
			path = Graphic;
			sourceTree = "<group>";
		};
		B2B0E256237A579900F139E0 /* Graph */ = {
			isa = PBXGroup;
			children = (
				B2B0E257237A579900F139E0 /* GraphView.swift */,
				B2B0E258237A579900F139E0 /* GraphLabel.swift */,
				B2B0E259237A579900F139E0 /* GraphModel.swift */,
			);
			path = Graph;
			sourceTree = "<group>";
		};
		B2B0E25C237A579900F139E0 /* Global */ = {
			isa = PBXGroup;
			children = (
				B2B0E25D237A579900F139E0 /* Storage.swift */,
				B2B0E25E237A579900F139E0 /* DataManager.swift */,
				B2B0E25F237A579900F139E0 /* Network.swift */,
				B2B0E260237A579900F139E0 /* String.swift */,
			);
			path = Global;
			sourceTree = "<group>";
		};
/* End PBXGroup section */

/* Begin PBXNativeTarget section */
		B25C8273237A4CEF0029ACA6 /* bledt */ = {
			isa = PBXNativeTarget;
			buildConfigurationList = B25C8293237A4CF00029ACA6 /* Build configuration list for PBXNativeTarget "bledt" */;
			buildPhases = (
				B25C8270237A4CEF0029ACA6 /* Sources */,
				B25C8271237A4CEF0029ACA6 /* Frameworks */,
				B25C8272237A4CEF0029ACA6 /* Resources */,
			);
			buildRules = (
			);
			dependencies = (
			);
			name = bledt;
			productName = bledt;
			productReference = B25C8274237A4CEF0029ACA6 /* BLEDT.app */;
			productType = "com.apple.product-type.application";
		};
		B25C8289237A4CF00029ACA6 /* bledtTests */ = {
			isa = PBXNativeTarget;
			buildConfigurationList = B25C8296237A4CF00029ACA6 /* Build configuration list for PBXNativeTarget "bledtTests" */;
			buildPhases = (
				B25C8286237A4CF00029ACA6 /* Sources */,
				B25C8287237A4CF00029ACA6 /* Frameworks */,
				B25C8288237A4CF00029ACA6 /* Resources */,
			);
			buildRules = (
			);
			dependencies = (
				B25C828C237A4CF00029ACA6 /* PBXTargetDependency */,
			);
			name = bledtTests;
			productName = bledtTests;
			productReference = B25C828A237A4CF00029ACA6 /* bledtTests.xctest */;
			productType = "com.apple.product-type.bundle.unit-test";
		};
/* End PBXNativeTarget section */

/* Begin PBXProject section */
		B25C826C237A4CEF0029ACA6 /* Project object */ = {
			isa = PBXProject;
			attributes = {
				LastSwiftUpdateCheck = 1110;
				LastUpgradeCheck = 1110;
				ORGANIZATIONNAME = "Digices LLC";
				TargetAttributes = {
					B25C8273237A4CEF0029ACA6 = {
						CreatedOnToolsVersion = 11.1;
						LastSwiftMigration = 1110;
					};
					B25C8289237A4CF00029ACA6 = {
						CreatedOnToolsVersion = 11.1;
						TestTargetID = B25C8273237A4CEF0029ACA6;
					};
				};
			};
			buildConfigurationList = B25C826F237A4CEF0029ACA6 /* Build configuration list for PBXProject "bledt" */;
			compatibilityVersion = "Xcode 9.3";
			developmentRegion = en;
			hasScannedForEncodings = 0;
			knownRegions = (
				en,
				Base,
			);
			mainGroup = B25C826B237A4CEF0029ACA6;
			productRefGroup = B25C8275237A4CEF0029ACA6 /* Products */;
			projectDirPath = "";
			projectRoot = "";
			targets = (
				B25C8273237A4CEF0029ACA6 /* bledt */,
				B25C8289237A4CF00029ACA6 /* bledtTests */,
			);
		};
/* End PBXProject section */

/* Begin PBXResourcesBuildPhase section */
		B25C8272237A4CEF0029ACA6 /* Resources */ = {
			isa = PBXResourcesBuildPhase;
			buildActionMask = 2147483647;
			files = (
				B25C8284237A4CF00029ACA6 /* LaunchScreen.storyboard in Resources */,
				B2B0E266237A579900F139E0 /* data.txt in Resources */,
				B25C8281237A4CF00029ACA6 /* Assets.xcassets in Resources */,
			);
			runOnlyForDeploymentPostprocessing = 0;
		};
		B25C8288237A4CF00029ACA6 /* Resources */ = {
			isa = PBXResourcesBuildPhase;
			buildActionMask = 2147483647;
			files = (
			);
			runOnlyForDeploymentPostprocessing = 0;
		};
/* End PBXResourcesBuildPhase section */

/* Begin PBXSourcesBuildPhase section */
		B25C8270237A4CEF0029ACA6 /* Sources */ = {
			isa = PBXSourcesBuildPhase;
			buildActionMask = 2147483647;
			files = (
				B2B0E268237A579900F139E0 /* TextualPresenter.swift in Sources */,
				B2B0E26B237A579900F139E0 /* GraphicInteractor.swift in Sources */,
				B2B0E275237A579900F139E0 /* String.swift in Sources */,
				B2B0E26F237A579900F139E0 /* GraphModel.swift in Sources */,
				B2B0E276237A579900F139E0 /* RootRouter.swift in Sources */,
				B2B0E271237A579900F139E0 /* GraphicViewController.swift in Sources */,
				B2B0E270237A579900F139E0 /* GraphicPresenter.swift in Sources */,
				B2B0E26E237A579900F139E0 /* GraphLabel.swift in Sources */,
				B2B0E262237A579900F139E0 /* BatchManager.swift in Sources */,
				B2B0E273237A579900F139E0 /* DataManager.swift in Sources */,
				B2B0E26C237A579900F139E0 /* GraphicRouter.swift in Sources */,
				B2B0E265237A579900F139E0 /* Batch.swift in Sources */,
				B2B0E267237A579900F139E0 /* TextualInteractor.swift in Sources */,
				B2B0E269237A579900F139E0 /* TextualViewController.swift in Sources */,
				B2B0E274237A579900F139E0 /* Network.swift in Sources */,
				B2B0E263237A579900F139E0 /* Sample.swift in Sources */,
				B25C829B237A4E580029ACA6 /* AppDelegate.swift in Sources */,
				B2B0E264237A579900F139E0 /* Coordinate.swift in Sources */,
				B2B0E26A237A579900F139E0 /* TextualRouter.swift in Sources */,
				B2B0E272237A579900F139E0 /* Storage.swift in Sources */,
				B2B0E26D237A579900F139E0 /* GraphView.swift in Sources */,
			);
			runOnlyForDeploymentPostprocessing = 0;
		};
		B25C8286237A4CF00029ACA6 /* Sources */ = {
			isa = PBXSourcesBuildPhase;
			buildActionMask = 2147483647;
			files = (
				B25C828F237A4CF00029ACA6 /* bledtTests.swift in Sources */,
				B2B0E27D237A57D900F139E0 /* BatchManagerTests.swift in Sources */,
				B2B0E27E237A57D900F139E0 /* NetworkTests.swift in Sources */,
				B2B0E27C237A57D900F139E0 /* DataManagerTests.swift in Sources */,
				B2B0E27F237A57D900F139E0 /* StorageTests.swift in Sources */,
				B2B0E280237A57D900F139E0 /* TextualModuleTests.swift in Sources */,
			);
			runOnlyForDeploymentPostprocessing = 0;
		};
/* End PBXSourcesBuildPhase section */

/* Begin PBXTargetDependency section */
		B25C828C237A4CF00029ACA6 /* PBXTargetDependency */ = {
			isa = PBXTargetDependency;
			target = B25C8273237A4CEF0029ACA6 /* bledt */;
			targetProxy = B25C828B237A4CF00029ACA6 /* PBXContainerItemProxy */;
		};
/* End PBXTargetDependency section */

/* Begin PBXVariantGroup section */
		B25C8282237A4CF00029ACA6 /* LaunchScreen.storyboard */ = {
			isa = PBXVariantGroup;
			children = (
				B25C8283237A4CF00029ACA6 /* Base */,
			);
			name = LaunchScreen.storyboard;
			sourceTree = "<group>";
		};
/* End PBXVariantGroup section */

/* Begin XCBuildConfiguration section */
		B25C8291237A4CF00029ACA6 /* Debug */ = {
			isa = XCBuildConfiguration;
			buildSettings = {
				ALWAYS_SEARCH_USER_PATHS = NO;
				CLANG_ANALYZER_NONNULL = YES;
				CLANG_ANALYZER_NUMBER_OBJECT_CONVERSION = YES_AGGRESSIVE;
				CLANG_CXX_LANGUAGE_STANDARD = "gnu++14";
				CLANG_CXX_LIBRARY = "libc++";
				CLANG_ENABLE_MODULES = YES;
				CLANG_ENABLE_OBJC_ARC = YES;
				CLANG_ENABLE_OBJC_WEAK = YES;
				CLANG_WARN_BLOCK_CAPTURE_AUTORELEASING = YES;
				CLANG_WARN_BOOL_CONVERSION = YES;
				CLANG_WARN_COMMA = YES;
				CLANG_WARN_CONSTANT_CONVERSION = YES;
				CLANG_WARN_DEPRECATED_OBJC_IMPLEMENTATIONS = YES;
				CLANG_WARN_DIRECT_OBJC_ISA_USAGE = YES_ERROR;
				CLANG_WARN_DOCUMENTATION_COMMENTS = YES;
				CLANG_WARN_EMPTY_BODY = YES;
				CLANG_WARN_ENUM_CONVERSION = YES;
				CLANG_WARN_INFINITE_RECURSION = YES;
				CLANG_WARN_INT_CONVERSION = YES;
				CLANG_WARN_NON_LITERAL_NULL_CONVERSION = YES;
				CLANG_WARN_OBJC_IMPLICIT_RETAIN_SELF = YES;
				CLANG_WARN_OBJC_LITERAL_CONVERSION = YES;
				CLANG_WARN_OBJC_ROOT_CLASS = YES_ERROR;
				CLANG_WARN_RANGE_LOOP_ANALYSIS = YES;
				CLANG_WARN_STRICT_PROTOTYPES = YES;
				CLANG_WARN_SUSPICIOUS_MOVE = YES;
				CLANG_WARN_UNGUARDED_AVAILABILITY = YES_AGGRESSIVE;
				CLANG_WARN_UNREACHABLE_CODE = YES;
				CLANG_WARN__DUPLICATE_METHOD_MATCH = YES;
				COPY_PHASE_STRIP = NO;
				DEBUG_INFORMATION_FORMAT = dwarf;
				ENABLE_STRICT_OBJC_MSGSEND = YES;
				ENABLE_TESTABILITY = YES;
				GCC_C_LANGUAGE_STANDARD = gnu11;
				GCC_DYNAMIC_NO_PIC = NO;
				GCC_NO_COMMON_BLOCKS = YES;
				GCC_OPTIMIZATION_LEVEL = 0;
				GCC_PREPROCESSOR_DEFINITIONS = (
					"DEBUG=1",
					"$(inherited)",
				);
				GCC_WARN_64_TO_32_BIT_CONVERSION = YES;
				GCC_WARN_ABOUT_RETURN_TYPE = YES_ERROR;
				GCC_WARN_UNDECLARED_SELECTOR = YES;
				GCC_WARN_UNINITIALIZED_AUTOS = YES_AGGRESSIVE;
				GCC_WARN_UNUSED_FUNCTION = YES;
				GCC_WARN_UNUSED_VARIABLE = YES;
				IPHONEOS_DEPLOYMENT_TARGET = 11.4;
				MTL_ENABLE_DEBUG_INFO = INCLUDE_SOURCE;
				MTL_FAST_MATH = YES;
				ONLY_ACTIVE_ARCH = YES;
				SDKROOT = iphoneos;
				SWIFT_ACTIVE_COMPILATION_CONDITIONS = DEBUG;
				SWIFT_OPTIMIZATION_LEVEL = "-Onone";
			};
			name = Debug;
		};
		B25C8292237A4CF00029ACA6 /* Release */ = {
			isa = XCBuildConfiguration;
			buildSettings = {
				ALWAYS_SEARCH_USER_PATHS = NO;
				CLANG_ANALYZER_NONNULL = YES;
				CLANG_ANALYZER_NUMBER_OBJECT_CONVERSION = YES_AGGRESSIVE;
				CLANG_CXX_LANGUAGE_STANDARD = "gnu++14";
				CLANG_CXX_LIBRARY = "libc++";
				CLANG_ENABLE_MODULES = YES;
				CLANG_ENABLE_OBJC_ARC = YES;
				CLANG_ENABLE_OBJC_WEAK = YES;
				CLANG_WARN_BLOCK_CAPTURE_AUTORELEASING = YES;
				CLANG_WARN_BOOL_CONVERSION = YES;
				CLANG_WARN_COMMA = YES;
				CLANG_WARN_CONSTANT_CONVERSION = YES;
				CLANG_WARN_DEPRECATED_OBJC_IMPLEMENTATIONS = YES;
				CLANG_WARN_DIRECT_OBJC_ISA_USAGE = YES_ERROR;
				CLANG_WARN_DOCUMENTATION_COMMENTS = YES;
				CLANG_WARN_EMPTY_BODY = YES;
				CLANG_WARN_ENUM_CONVERSION = YES;
				CLANG_WARN_INFINITE_RECURSION = YES;
				CLANG_WARN_INT_CONVERSION = YES;
				CLANG_WARN_NON_LITERAL_NULL_CONVERSION = YES;
				CLANG_WARN_OBJC_IMPLICIT_RETAIN_SELF = YES;
				CLANG_WARN_OBJC_LITERAL_CONVERSION = YES;
				CLANG_WARN_OBJC_ROOT_CLASS = YES_ERROR;
				CLANG_WARN_RANGE_LOOP_ANALYSIS = YES;
				CLANG_WARN_STRICT_PROTOTYPES = YES;
				CLANG_WARN_SUSPICIOUS_MOVE = YES;
				CLANG_WARN_UNGUARDED_AVAILABILITY = YES_AGGRESSIVE;
				CLANG_WARN_UNREACHABLE_CODE = YES;
				CLANG_WARN__DUPLICATE_METHOD_MATCH = YES;
				COPY_PHASE_STRIP = NO;
				DEBUG_INFORMATION_FORMAT = "dwarf-with-dsym";
				ENABLE_NS_ASSERTIONS = NO;
				ENABLE_STRICT_OBJC_MSGSEND = YES;
				GCC_C_LANGUAGE_STANDARD = gnu11;
				GCC_NO_COMMON_BLOCKS = YES;
				GCC_WARN_64_TO_32_BIT_CONVERSION = YES;
				GCC_WARN_ABOUT_RETURN_TYPE = YES_ERROR;
				GCC_WARN_UNDECLARED_SELECTOR = YES;
				GCC_WARN_UNINITIALIZED_AUTOS = YES_AGGRESSIVE;
				GCC_WARN_UNUSED_FUNCTION = YES;
				GCC_WARN_UNUSED_VARIABLE = YES;
				IPHONEOS_DEPLOYMENT_TARGET = 11.4;
				MTL_ENABLE_DEBUG_INFO = NO;
				MTL_FAST_MATH = YES;
				SDKROOT = iphoneos;
				SWIFT_COMPILATION_MODE = wholemodule;
				SWIFT_OPTIMIZATION_LEVEL = "-O";
				VALIDATE_PRODUCT = YES;
			};
			name = Release;
		};
		B25C8294237A4CF00029ACA6 /* Debug */ = {
			isa = XCBuildConfiguration;
			buildSettings = {
				ASSETCATALOG_COMPILER_APPICON_NAME = AppIcon;
				CLANG_ENABLE_MODULES = YES;
				CODE_SIGN_STYLE = Automatic;
				DEVELOPMENT_TEAM = 45Y45YV878;
				INFOPLIST_FILE = bledt/Info.plist;
				IPHONEOS_DEPLOYMENT_TARGET = 11.4;
				LD_RUNPATH_SEARCH_PATHS = (
					"$(inherited)",
					"@executable_path/Frameworks",
				);
				MARKETING_VERSION = 0.2.3;
				PRODUCT_BUNDLE_IDENTIFIER = com.digices.bledt;
				PRODUCT_NAME = BLEDT;
				SWIFT_OBJC_BRIDGING_HEADER = "bledt/bledt-Bridging-Header.h";
				SWIFT_OPTIMIZATION_LEVEL = "-Onone";
				SWIFT_VERSION = 5.0;
				TARGETED_DEVICE_FAMILY = 1;
			};
			name = Debug;
		};
		B25C8295237A4CF00029ACA6 /* Release */ = {
			isa = XCBuildConfiguration;
			buildSettings = {
				ASSETCATALOG_COMPILER_APPICON_NAME = AppIcon;
				CLANG_ENABLE_MODULES = YES;
				CODE_SIGN_STYLE = Automatic;
				DEVELOPMENT_TEAM = 45Y45YV878;
				INFOPLIST_FILE = bledt/Info.plist;
				IPHONEOS_DEPLOYMENT_TARGET = 11.4;
				LD_RUNPATH_SEARCH_PATHS = (
					"$(inherited)",
					"@executable_path/Frameworks",
				);
				MARKETING_VERSION = 0.2.3;
				PRODUCT_BUNDLE_IDENTIFIER = com.digices.bledt;
				PRODUCT_NAME = BLEDT;
				SWIFT_OBJC_BRIDGING_HEADER = "bledt/bledt-Bridging-Header.h";
				SWIFT_VERSION = 5.0;
				TARGETED_DEVICE_FAMILY = 1;
			};
			name = Release;
		};
		B25C8297237A4CF00029ACA6 /* Debug */ = {
			isa = XCBuildConfiguration;
			buildSettings = {
				ALWAYS_EMBED_SWIFT_STANDARD_LIBRARIES = YES;
				BUNDLE_LOADER = "$(TEST_HOST)";
				CODE_SIGN_STYLE = Automatic;
				DEVELOPMENT_TEAM = 45Y45YV878;
				INFOPLIST_FILE = bledtTests/Info.plist;
				IPHONEOS_DEPLOYMENT_TARGET = 11.4;
				LD_RUNPATH_SEARCH_PATHS = (
					"$(inherited)",
					"@executable_path/Frameworks",
					"@loader_path/Frameworks",
				);
				PRODUCT_BUNDLE_IDENTIFIER = com.digices.bledtTests;
				PRODUCT_NAME = "$(TARGET_NAME)";
				SWIFT_VERSION = 5.0;
				TARGETED_DEVICE_FAMILY = "1,2";
				TEST_HOST = "$(BUILT_PRODUCTS_DIR)/bledt.app/bledt";
			};
			name = Debug;
		};
		B25C8298237A4CF00029ACA6 /* Release */ = {
			isa = XCBuildConfiguration;
			buildSettings = {
				ALWAYS_EMBED_SWIFT_STANDARD_LIBRARIES = YES;
				BUNDLE_LOADER = "$(TEST_HOST)";
				CODE_SIGN_STYLE = Automatic;
				DEVELOPMENT_TEAM = 45Y45YV878;
				INFOPLIST_FILE = bledtTests/Info.plist;
				IPHONEOS_DEPLOYMENT_TARGET = 11.4;
				LD_RUNPATH_SEARCH_PATHS = (
					"$(inherited)",
					"@executable_path/Frameworks",
					"@loader_path/Frameworks",
				);
				PRODUCT_BUNDLE_IDENTIFIER = com.digices.bledtTests;
				PRODUCT_NAME = "$(TARGET_NAME)";
				SWIFT_VERSION = 5.0;
				TARGETED_DEVICE_FAMILY = "1,2";
				TEST_HOST = "$(BUILT_PRODUCTS_DIR)/bledt.app/bledt";
			};
			name = Release;
		};
/* End XCBuildConfiguration section */

/* Begin XCConfigurationList section */
		B25C826F237A4CEF0029ACA6 /* Build configuration list for PBXProject "bledt" */ = {
			isa = XCConfigurationList;
			buildConfigurations = (
				B25C8291237A4CF00029ACA6 /* Debug */,
				B25C8292237A4CF00029ACA6 /* Release */,
			);
			defaultConfigurationIsVisible = 0;
			defaultConfigurationName = Release;
		};
		B25C8293237A4CF00029ACA6 /* Build configuration list for PBXNativeTarget "bledt" */ = {
			isa = XCConfigurationList;
			buildConfigurations = (
				B25C8294237A4CF00029ACA6 /* Debug */,
				B25C8295237A4CF00029ACA6 /* Release */,
			);
			defaultConfigurationIsVisible = 0;
			defaultConfigurationName = Release;
		};
		B25C8296237A4CF00029ACA6 /* Build configuration list for PBXNativeTarget "bledtTests" */ = {
			isa = XCConfigurationList;
			buildConfigurations = (
				B25C8297237A4CF00029ACA6 /* Debug */,
				B25C8298237A4CF00029ACA6 /* Release */,
			);
			defaultConfigurationIsVisible = 0;
			defaultConfigurationName = Release;
		};
/* End XCConfigurationList section */
	};
	rootObject = B25C826C237A4CEF0029ACA6 /* Project object */;
}
